github.com/adamdecaf/cert-manage v0.0.0-20180818164513-a2a6a9cd4496 h1:MSXC41BtNamqRy6jBqbzdqCGC44PD1W1tSR1Yrg+yKo=
github.com/adamdecaf/cert-manage v0.0.0-20180818164513-a2a6a9cd4496/go.mod h1:gK9zuZeZQTFtJka8eCnSEfc1GM/Ylk9F3xcbPiuom3s=
github.com/adamdecaf/extract-nss-root-certs v0.0.0-20180504185435-b4eb4db979cb h1:/xzV5NE8fVNadbZKZO4eAS7UblCLgqm0+H+J9poyOGs=
github.com/adamdecaf/extract-nss-root-certs v0.0.0-20180504185435-b4eb4db979cb/go.mod h1:0I0DaWW6T4UsHe/IkBpNAw+b7eHEyKjY3oMNr0d+gFs=
github.com/go-sqlite/sqlite3 v0.0.0-20180313105335-53dd8e640ee7 h1:ow5vK9Q/DSKkxbEIJHBST6g+buBDwdaDIyk1dGGwpQo=
github.com/go-sqlite/sqlite3 v0.0.0-20180313105335-53dd8e640ee7/go.mod h1:JxSQ+SvsjFb+p8Y+bn+GhTkiMfKVGBD0fq43ms2xw04=
github.com/gonuts/binary v0.1.0 h1:oVfskRjTSl2f9M2HYtX64IPzXaDvXbBQHCwUI6jfAtk=
github.com/gonuts/binary v0.1.0/go.mod h1:4CAt43hCGBSSZzDSCpAN4hErmhJgDVcby8PrQLghc4o=
golang.org/x/crypto v0.0.0-20180816225734-aabede6cba87 h1:gCHhzI+1R9peHIMyiWVxoVaWlk1cYK7VThX5ptLtbXY=
golang.org/x/crypto v0.0.0-20180816225734-aabede6cba87/go.mod h1:6SG95UA2DQfeDnfUPMdvaQW0Q7yPrPDi9nlGo2tz2b4=
gopkg.in/check.v1 v0.0.0-20161208181325-20d25e280405/go.mod h1:Co6ibVJAznAaIkqp8huTwlJQCZ016jof/cbN4VW5Yz0=
gopkg.in/yaml.v2 v2.2.1 h1:mUhvW9EsL+naU5Q3cakzfE91YhliOondGd6ZrsDBHQE=
gopkg.in/yaml.v2 v2.2.1/go.mod h1:hI93XBmqTisBFMUTm0b8Fm+jr3Dg1NNxqwp+5A1VGuI=
