# This file is autogenerated, do not edit; changes may be undone by the next 'dep ensure'.


[[projects]]
  branch = "master"
  name = "github.com/adamdecaf/extract-nss-root-certs"
  packages = ["."]
  revision = "773948164021f10614dcb69195f4f7af3a7d191f"

[[projects]]
  branch = "master"
  name = "github.com/go-sqlite/sqlite3"
  packages = ["."]
  revision = "304649c70ebecb945a40358fc3659e97d541f4b1"

[[projects]]
  branch = "master"
  name = "github.com/gonuts/binary"
  packages = ["."]
  revision = "21c37b530bec7c512af0208bfb15f34400301682"

[[projects]]
  branch = "master"
  name = "golang.org/x/crypto"
  packages = [
    "pkcs12",
    "pkcs12/internal/rc2"
  ]
  revision = "1875d0a70c90e57f11972aefd42276df65e895b9"

[[projects]]
  branch = "v2"
  name = "gopkg.in/yaml.v2"
  packages = ["."]
  revision = "d670f9405373e636a5a2765eea47fac0c9bc91a4"

[solve-meta]
  analyzer-name = "dep"
  analyzer-version = 1
  inputs-digest = "720ed9d5b6241d2fdad3cd5a3d2ac7066521eec0aa93ec1374cbdd3a413c705e"
  solver-name = "gps-cdcl"
  solver-version = 1
