# This file is autogenerated, do not edit; changes may be undone by the next 'dep ensure'.


[[projects]]
  branch = "master"
  name = "github.com/go-sqlite/sqlite3"
  packages = ["."]
  revision = "b57e325f545db253ce37589fdb7073a2f1dcd545"

[[projects]]
  branch = "master"
  name = "github.com/gonuts/binary"
  packages = ["."]
  revision = "21c37b530bec7c512af0208bfb15f34400301682"

[[projects]]
  branch = "master"
  name = "golang.org/x/crypto"
  packages = ["pkcs12","pkcs12/internal/rc2"]
  revision = "a6600008915114d9c087fad9f03d75087b1a74df"

[solve-meta]
  analyzer-name = "dep"
  analyzer-version = 1
  inputs-digest = "f1b9950442374287d3daa1a5836a34387c715219ff7ae98188890867fdfc921f"
  solver-name = "gps-cdcl"
  solver-version = 1
