# This file is autogenerated, do not edit; changes may be undone by the next 'dep ensure'.


[[projects]]
  branch = "master"
  digest = "1:9dfbc9146cf4b398e491e29c8c02b84273cf480bb8f90372aad6e14fdaf0581a"
  name = "github.com/adamdecaf/extract-nss-root-certs"
  packages = ["."]
  pruneopts = ""
  revision = "b4eb4db979cb2095100da30308451910ca03f873"

[[projects]]
  branch = "master"
  digest = "1:8a387acb6a9cc6f779e2ae073f1a89e0917232a9af54923427e34b7fda00b01d"
  name = "github.com/go-sqlite/sqlite3"
  packages = ["."]
  pruneopts = ""
  revision = "53dd8e640ee7dd6005bd7199eed0c470ab43a16e"

[[projects]]
  digest = "1:a28cc81312968de65837065f8087994a9edac8f07622bd4216260ce082a07fe9"
  name = "github.com/gonuts/binary"
  packages = ["."]
  pruneopts = ""
  revision = "556ab97fd809b9bdc749aaf346118dc919649076"
  version = "v0.1.0"

[[projects]]
  branch = "master"
  digest = "1:97fb4f02b231deef44704b6fa74d31e46f669fb217f192754ba603c2b32a190b"
  name = "golang.org/x/crypto"
  packages = [
    "pkcs12",
    "pkcs12/internal/rc2",
  ]
  pruneopts = ""
  revision = "aabede6cba87e37f413b3e60ebfc214f8eeca1b0"

[[projects]]
  branch = "v2"
  digest = "1:f0620375dd1f6251d9973b5f2596228cc8042e887cd7f827e4220bc1ce8c30e2"
  name = "gopkg.in/yaml.v2"
  packages = ["."]
  pruneopts = ""
  revision = "5420a8b6744d3b0345ab293f6fcba19c978f1183"

[solve-meta]
  analyzer-name = "dep"
  analyzer-version = 1
  input-imports = [
    "github.com/adamdecaf/extract-nss-root-certs",
    "github.com/go-sqlite/sqlite3",
    "golang.org/x/crypto/pkcs12",
    "gopkg.in/yaml.v2",
  ]
  solver-name = "gps-cdcl"
  solver-version = 1
